
Microsoft Visual Studio Solution File, Format Version 12.00
# Visual Studio Version 17
VisualStudioVersion = 17.4.33205.214
MinimumVisualStudioVersion = 10.0.40219.1
Project("{9A19103F-16F7-4668-BE54-9A1E7A4F7556}") = "Sudoku.Shared", "Sudoku.Shared\Sudoku.Shared.csproj", "{875F71B2-99ED-4366-9C28-E5FFB5B5AA41}"
EndProject
Project("{9A19103F-16F7-4668-BE54-9A1E7A4F7556}") = "Sudoku.Benchmark", "Sudoku.Benchmark\Sudoku.Benchmark.csproj", "{3F6D87E5-3288-46C4-B192-F91D5FBB075B}"
EndProject
Project("{2150E333-8FDC-42A3-9474-1A3956D46DE8}") = "Puzzles", "Puzzles", "{5351C3A6-44B9-45CB-B4DB-4578796500FB}"
	ProjectSection(SolutionItems) = preProject
		Puzzles\Sudoku_Easy51.txt = Puzzles\Sudoku_Easy51.txt
		Puzzles\Sudoku_hardest.txt = Puzzles\Sudoku_hardest.txt
		Puzzles\Sudoku_top95.txt = Puzzles\Sudoku_top95.txt
	EndProjectSection
EndProject
Project("{9A19103F-16F7-4668-BE54-9A1E7A4F7556}") = "Sudoku.Backtracking", "Sudoku.Backtracking\Sudoku.Backtracking.csproj", "{1C50AE77-2CE9-4BD8-ADFE-3C3A255FFC78}"
EndProject
Project("{FAE04EC0-301F-11D3-BF4B-00C04F79EFBC}") = "Sudoku.simulé", "Sudoku.simulé\Sudoku.simulé.csproj", "{C303483D-4F28-493F-9391-D2A3CDA49E7A}"
EndProject
Project("{FAE04EC0-301F-11D3-BF4B-00C04F79EFBC}") = "ProjectTestSolver", "ProjectTestSolver\ProjectTestSolver.csproj", "{ABB783F0-4699-4E97-91E5-BD121FC881D1}"
EndProject
Project("{FAE04EC0-301F-11D3-BF4B-00C04F79EFBC}") = "Sudoku.GraphProba", "Sudoku.GraphProba\Sudoku.GraphProba.csproj", "{DDD1F0C1-2C7D-435B-810A-EAA9BF7DB958}"
EndProject
Project("{FAE04EC0-301F-11D3-BF4B-00C04F79EFBC}") = "Sudoku.SolverCSPAIMA", "SolverCSPAIMA\Sudoku.SolverCSPAIMA.csproj", "{F082ABBF-7CA9-43F4-9D2D-2924ABB7A963}"
EndProject
Project("{FAE04EC0-301F-11D3-BF4B-00C04F79EFBC}") = "Sudoku.NeuralNetworkCSharp", "Sudoku.NeuralNetworkCSharp\Sudoku.NeuralNetworkCSharp.csproj", "{A72EA3B9-BF7D-49EA-BBE2-887FD30A92A4}"
EndProject
Project("{FAE04EC0-301F-11D3-BF4B-00C04F79EFBC}") = "Sudoku.HumanSolvers", "Sudoku.HumanSolvers\Sudoku.HumanSolvers.csproj", "{FC0E0BB0-A954-4F7B-A04F-72B8C0853F5E}"
EndProject
Global
	GlobalSection(SolutionConfigurationPlatforms) = preSolution
		Debug|Any CPU = Debug|Any CPU
		Release|Any CPU = Release|Any CPU
	EndGlobalSection
	GlobalSection(ProjectConfigurationPlatforms) = postSolution
		{875F71B2-99ED-4366-9C28-E5FFB5B5AA41}.Debug|Any CPU.ActiveCfg = Debug|Any CPU
		{875F71B2-99ED-4366-9C28-E5FFB5B5AA41}.Debug|Any CPU.Build.0 = Debug|Any CPU
		{875F71B2-99ED-4366-9C28-E5FFB5B5AA41}.Release|Any CPU.ActiveCfg = Release|Any CPU
		{875F71B2-99ED-4366-9C28-E5FFB5B5AA41}.Release|Any CPU.Build.0 = Release|Any CPU
		{3F6D87E5-3288-46C4-B192-F91D5FBB075B}.Debug|Any CPU.ActiveCfg = Debug|Any CPU
		{3F6D87E5-3288-46C4-B192-F91D5FBB075B}.Debug|Any CPU.Build.0 = Debug|Any CPU
		{3F6D87E5-3288-46C4-B192-F91D5FBB075B}.Release|Any CPU.ActiveCfg = Release|Any CPU
		{3F6D87E5-3288-46C4-B192-F91D5FBB075B}.Release|Any CPU.Build.0 = Release|Any CPU
		{1C50AE77-2CE9-4BD8-ADFE-3C3A255FFC78}.Debug|Any CPU.ActiveCfg = Debug|Any CPU
		{1C50AE77-2CE9-4BD8-ADFE-3C3A255FFC78}.Debug|Any CPU.Build.0 = Debug|Any CPU
		{1C50AE77-2CE9-4BD8-ADFE-3C3A255FFC78}.Release|Any CPU.ActiveCfg = Release|Any CPU
		{1C50AE77-2CE9-4BD8-ADFE-3C3A255FFC78}.Release|Any CPU.Build.0 = Release|Any CPU
		{C303483D-4F28-493F-9391-D2A3CDA49E7A}.Debug|Any CPU.ActiveCfg = Debug|Any CPU
		{C303483D-4F28-493F-9391-D2A3CDA49E7A}.Debug|Any CPU.Build.0 = Debug|Any CPU
		{C303483D-4F28-493F-9391-D2A3CDA49E7A}.Release|Any CPU.ActiveCfg = Release|Any CPU
		{C303483D-4F28-493F-9391-D2A3CDA49E7A}.Release|Any CPU.Build.0 = Release|Any CPU
		{ABB783F0-4699-4E97-91E5-BD121FC881D1}.Debug|Any CPU.ActiveCfg = Debug|Any CPU
		{ABB783F0-4699-4E97-91E5-BD121FC881D1}.Debug|Any CPU.Build.0 = Debug|Any CPU
		{ABB783F0-4699-4E97-91E5-BD121FC881D1}.Release|Any CPU.ActiveCfg = Release|Any CPU
		{ABB783F0-4699-4E97-91E5-BD121FC881D1}.Release|Any CPU.Build.0 = Release|Any CPU
		{DDD1F0C1-2C7D-435B-810A-EAA9BF7DB958}.Debug|Any CPU.ActiveCfg = Debug|Any CPU
		{DDD1F0C1-2C7D-435B-810A-EAA9BF7DB958}.Debug|Any CPU.Build.0 = Debug|Any CPU
		{DDD1F0C1-2C7D-435B-810A-EAA9BF7DB958}.Release|Any CPU.ActiveCfg = Release|Any CPU
		{DDD1F0C1-2C7D-435B-810A-EAA9BF7DB958}.Release|Any CPU.Build.0 = Release|Any CPU
		{F082ABBF-7CA9-43F4-9D2D-2924ABB7A963}.Debug|Any CPU.ActiveCfg = Debug|Any CPU
		{F082ABBF-7CA9-43F4-9D2D-2924ABB7A963}.Debug|Any CPU.Build.0 = Debug|Any CPU
		{F082ABBF-7CA9-43F4-9D2D-2924ABB7A963}.Release|Any CPU.ActiveCfg = Release|Any CPU
		{F082ABBF-7CA9-43F4-9D2D-2924ABB7A963}.Release|Any CPU.Build.0 = Release|Any CPU
		{A72EA3B9-BF7D-49EA-BBE2-887FD30A92A4}.Debug|Any CPU.ActiveCfg = Debug|Any CPU
		{A72EA3B9-BF7D-49EA-BBE2-887FD30A92A4}.Debug|Any CPU.Build.0 = Debug|Any CPU
		{A72EA3B9-BF7D-49EA-BBE2-887FD30A92A4}.Release|Any CPU.ActiveCfg = Release|Any CPU
		{A72EA3B9-BF7D-49EA-BBE2-887FD30A92A4}.Release|Any CPU.Build.0 = Release|Any CPU
		{FC0E0BB0-A954-4F7B-A04F-72B8C0853F5E}.Debug|Any CPU.ActiveCfg = Debug|Any CPU
		{FC0E0BB0-A954-4F7B-A04F-72B8C0853F5E}.Debug|Any CPU.Build.0 = Debug|Any CPU
		{FC0E0BB0-A954-4F7B-A04F-72B8C0853F5E}.Release|Any CPU.ActiveCfg = Release|Any CPU
		{FC0E0BB0-A954-4F7B-A04F-72B8C0853F5E}.Release|Any CPU.Build.0 = Release|Any CPU
	EndGlobalSection
	GlobalSection(SolutionProperties) = preSolution
		HideSolutionNode = FALSE
	EndGlobalSection
	GlobalSection(ExtensibilityGlobals) = postSolution
		SolutionGuid = {BEE8F8D1-8D10-45DA-ABF1-5DE630CBE60B}
	EndGlobalSection
EndGlobal
